// !$*UTF8*$!
{
	archiveVersion = 1;
	classes = {
	};
	objectVersion = 46;
	objects = {

/* Begin PBXBuildFile section */
		79BB56411F250E2200E29AAD /* AppDelegate.swift in Sources */ = {isa = PBXBuildFile; fileRef = 79BB56401F250E2200E29AAD /* AppDelegate.swift */; };
		79BB56431F250E2200E29AAD /* ViewController.swift in Sources */ = {isa = PBXBuildFile; fileRef = 79BB56421F250E2200E29AAD /* ViewController.swift */; };
		79BB56461F250E2200E29AAD /* Main.storyboard in Resources */ = {isa = PBXBuildFile; fileRef = 79BB56441F250E2200E29AAD /* Main.storyboard */; };
		79BB56481F250E2200E29AAD /* Assets.xcassets in Resources */ = {isa = PBXBuildFile; fileRef = 79BB56471F250E2200E29AAD /* Assets.xcassets */; };
		79BB564B1F250E2200E29AAD /* LaunchScreen.storyboard in Resources */ = {isa = PBXBuildFile; fileRef = 79BB56491F250E2200E29AAD /* LaunchScreen.storyboard */; };
		79BB56561F250E2200E29AAD /* LandmarkTests.swift in Sources */ = {isa = PBXBuildFile; fileRef = 79BB56551F250E2200E29AAD /* LandmarkTests.swift */; };
		79BB56611F250E2200E29AAD /* LandmarkUITests.swift in Sources */ = {isa = PBXBuildFile; fileRef = 79BB56601F250E2200E29AAD /* LandmarkUITests.swift */; };
/* End PBXBuildFile section */

/* Begin PBXContainerItemProxy section */
		79BB56521F250E2200E29AAD /* PBXContainerItemProxy */ = {
			isa = PBXContainerItemProxy;
			containerPortal = 79BB56351F250E2200E29AAD /* Project object */;
			proxyType = 1;
			remoteGlobalIDString = 79BB563C1F250E2200E29AAD;
			remoteInfo = Landmark;
		};
		79BB565D1F250E2200E29AAD /* PBXContainerItemProxy */ = {
			isa = PBXContainerItemProxy;
			containerPortal = 79BB56351F250E2200E29AAD /* Project object */;
			proxyType = 1;
			remoteGlobalIDString = 79BB563C1F250E2200E29AAD;
			remoteInfo = Landmark;
		};
/* End PBXContainerItemProxy section */

/* Begin PBXFileReference section */
		79BB563D1F250E2200E29AAD /* Landmark.app */ = {isa = PBXFileReference; explicitFileType = wrapper.application; includeInIndex = 0; path = Landmark.app; sourceTree = BUILT_PRODUCTS_DIR; };
		79BB56401F250E2200E29AAD /* AppDelegate.swift */ = {isa = PBXFileReference; lastKnownFileType = sourcecode.swift; path = AppDelegate.swift; sourceTree = "<group>"; };
		79BB56421F250E2200E29AAD /* ViewController.swift */ = {isa = PBXFileReference; lastKnownFileType = sourcecode.swift; path = ViewController.swift; sourceTree = "<group>"; };
		79BB56451F250E2200E29AAD /* Base */ = {isa = PBXFileReference; lastKnownFileType = file.storyboard; name = Base; path = Base.lproj/Main.storyboard; sourceTree = "<group>"; };
		79BB56471F250E2200E29AAD /* Assets.xcassets */ = {isa = PBXFileReference; lastKnownFileType = folder.assetcatalog; path = Assets.xcassets; sourceTree = "<group>"; };
		79BB564A1F250E2200E29AAD /* Base */ = {isa = PBXFileReference; lastKnownFileType = file.storyboard; name = Base; path = Base.lproj/LaunchScreen.storyboard; sourceTree = "<group>"; };
		79BB564C1F250E2200E29AAD /* Info.plist */ = {isa = PBXFileReference; lastKnownFileType = text.plist.xml; path = Info.plist; sourceTree = "<group>"; };
		79BB56511F250E2200E29AAD /* LandmarkTests.xctest */ = {isa = PBXFileReference; explicitFileType = wrapper.cfbundle; includeInIndex = 0; path = LandmarkTests.xctest; sourceTree = BUILT_PRODUCTS_DIR; };
		79BB56551F250E2200E29AAD /* LandmarkTests.swift */ = {isa = PBXFileReference; lastKnownFileType = sourcecode.swift; path = LandmarkTests.swift; sourceTree = "<group>"; };
		79BB56571F250E2200E29AAD /* Info.plist */ = {isa = PBXFileReference; lastKnownFileType = text.plist.xml; path = Info.plist; sourceTree = "<group>"; };
		79BB565C1F250E2200E29AAD /* LandmarkUITests.xctest */ = {isa = PBXFileReference; explicitFileType = wrapper.cfbundle; includeInIndex = 0; path = LandmarkUITests.xctest; sourceTree = BUILT_PRODUCTS_DIR; };
		79BB56601F250E2200E29AAD /* LandmarkUITests.swift */ = {isa = PBXFileReference; lastKnownFileType = sourcecode.swift; path = LandmarkUITests.swift; sourceTree = "<group>"; };
		79BB56621F250E2200E29AAD /* Info.plist */ = {isa = PBXFileReference; lastKnownFileType = text.plist.xml; path = Info.plist; sourceTree = "<group>"; };
/* End PBXFileReference section */

/* Begin PBXFrameworksBuildPhase section */
		79BB563A1F250E2200E29AAD /* Frameworks */ = {
			isa = PBXFrameworksBuildPhase;
			buildActionMask = 2147483647;
			files = (
			);
			runOnlyForDeploymentPostprocessing = 0;
		};
		79BB564E1F250E2200E29AAD /* Frameworks */ = {
			isa = PBXFrameworksBuildPhase;
			buildActionMask = 2147483647;
			files = (
			);
			runOnlyForDeploymentPostprocessing = 0;
		};
		79BB56591F250E2200E29AAD /* Frameworks */ = {
			isa = PBXFrameworksBuildPhase;
			buildActionMask = 2147483647;
			files = (
			);
			runOnlyForDeploymentPostprocessing = 0;
		};
/* End PBXFrameworksBuildPhase section */

/* Begin PBXGroup section */
		79BB56341F250E2200E29AAD = {
			isa = PBXGroup;
			children = (
				79BB563F1F250E2200E29AAD /* Landmark */,
				79BB56541F250E2200E29AAD /* LandmarkTests */,
				79BB565F1F250E2200E29AAD /* LandmarkUITests */,
				79BB563E1F250E2200E29AAD /* Products */,
			);
			sourceTree = "<group>";
		};
		79BB563E1F250E2200E29AAD /* Products */ = {
			isa = PBXGroup;
			children = (
				79BB563D1F250E2200E29AAD /* Landmark.app */,
				79BB56511F250E2200E29AAD /* LandmarkTests.xctest */,
				79BB565C1F250E2200E29AAD /* LandmarkUITests.xctest */,
			);
			name = Products;
			sourceTree = "<group>";
		};
		79BB563F1F250E2200E29AAD /* Landmark */ = {
			isa = PBXGroup;
			children = (
				79BB56401F250E2200E29AAD /* AppDelegate.swift */,
				79BB56421F250E2200E29AAD /* ViewController.swift */,
				79BB56441F250E2200E29AAD /* Main.storyboard */,
				79BB56471F250E2200E29AAD /* Assets.xcassets */,
				79BB56491F250E2200E29AAD /* LaunchScreen.storyboard */,
				79BB564C1F250E2200E29AAD /* Info.plist */,
			);
			path = Landmark;
			sourceTree = "<group>";
		};
		79BB56541F250E2200E29AAD /* LandmarkTests */ = {
			isa = PBXGroup;
			children = (
				79BB56551F250E2200E29AAD /* LandmarkTests.swift */,
				79BB56571F250E2200E29AAD /* Info.plist */,
			);
			path = LandmarkTests;
			sourceTree = "<group>";
		};
		79BB565F1F250E2200E29AAD /* LandmarkUITests */ = {
			isa = PBXGroup;
			children = (
				79BB56601F250E2200E29AAD /* LandmarkUITests.swift */,
				79BB56621F250E2200E29AAD /* Info.plist */,
			);
			path = LandmarkUITests;
			sourceTree = "<group>";
		};
/* End PBXGroup section */

/* Begin PBXNativeTarget section */
		79BB563C1F250E2200E29AAD /* Landmark */ = {
			isa = PBXNativeTarget;
			buildConfigurationList = 79BB56651F250E2200E29AAD /* Build configuration list for PBXNativeTarget "Landmark" */;
			buildPhases = (
				79BB56391F250E2200E29AAD /* Sources */,
				79BB563A1F250E2200E29AAD /* Frameworks */,
				79BB563B1F250E2200E29AAD /* Resources */,
			);
			buildRules = (
			);
			dependencies = (
			);
			name = Landmark;
			productName = Landmark;
			productReference = 79BB563D1F250E2200E29AAD /* Landmark.app */;
			productType = "com.apple.product-type.application";
		};
		79BB56501F250E2200E29AAD /* LandmarkTests */ = {
			isa = PBXNativeTarget;
			buildConfigurationList = 79BB56681F250E2200E29AAD /* Build configuration list for PBXNativeTarget "LandmarkTests" */;
			buildPhases = (
				79BB564D1F250E2200E29AAD /* Sources */,
				79BB564E1F250E2200E29AAD /* Frameworks */,
				79BB564F1F250E2200E29AAD /* Resources */,
			);
			buildRules = (
			);
			dependencies = (
				79BB56531F250E2200E29AAD /* PBXTargetDependency */,
			);
			name = LandmarkTests;
			productName = LandmarkTests;
			productReference = 79BB56511F250E2200E29AAD /* LandmarkTests.xctest */;
			productType = "com.apple.product-type.bundle.unit-test";
		};
		79BB565B1F250E2200E29AAD /* LandmarkUITests */ = {
			isa = PBXNativeTarget;
			buildConfigurationList = 79BB566B1F250E2200E29AAD /* Build configuration list for PBXNativeTarget "LandmarkUITests" */;
			buildPhases = (
				79BB56581F250E2200E29AAD /* Sources */,
				79BB56591F250E2200E29AAD /* Frameworks */,
				79BB565A1F250E2200E29AAD /* Resources */,
			);
			buildRules = (
			);
			dependencies = (
				79BB565E1F250E2200E29AAD /* PBXTargetDependency */,
			);
			name = LandmarkUITests;
			productName = LandmarkUITests;
			productReference = 79BB565C1F250E2200E29AAD /* LandmarkUITests.xctest */;
			productType = "com.apple.product-type.bundle.ui-testing";
		};
/* End PBXNativeTarget section */

/* Begin PBXProject section */
		79BB56351F250E2200E29AAD /* Project object */ = {
			isa = PBXProject;
			attributes = {
				LastSwiftUpdateCheck = 0830;
				LastUpgradeCheck = 0830;
				ORGANIZATIONNAME = "Mohamed Magdy";
				TargetAttributes = {
					79BB563C1F250E2200E29AAD = {
						CreatedOnToolsVersion = 8.3.2;
						DevelopmentTeam = RBZ2UQ2323;
						ProvisioningStyle = Automatic;
					};
					79BB56501F250E2200E29AAD = {
						CreatedOnToolsVersion = 8.3.2;
						DevelopmentTeam = RBZ2UQ2323;
						ProvisioningStyle = Automatic;
						TestTargetID = 79BB563C1F250E2200E29AAD;
					};
					79BB565B1F250E2200E29AAD = {
						CreatedOnToolsVersion = 8.3.2;
						DevelopmentTeam = RBZ2UQ2323;
						ProvisioningStyle = Automatic;
						TestTargetID = 79BB563C1F250E2200E29AAD;
					};
				};
			};
			buildConfigurationList = 79BB56381F250E2200E29AAD /* Build configuration list for PBXProject "Landmark" */;
			compatibilityVersion = "Xcode 3.2";
			developmentRegion = English;
			hasScannedForEncodings = 0;
			knownRegions = (
				en,
				Base,
			);
			mainGroup = 79BB56341F250E2200E29AAD;
			productRefGroup = 79BB563E1F250E2200E29AAD /* Products */;
			projectDirPath = "";
			projectRoot = "";
			targets = (
				79BB563C1F250E2200E29AAD /* Landmark */,
				79BB56501F250E2200E29AAD /* LandmarkTests */,
				79BB565B1F250E2200E29AAD /* LandmarkUITests */,
			);
		};
/* End PBXProject section */

/* Begin PBXResourcesBuildPhase section */
		79BB563B1F250E2200E29AAD /* Resources */ = {
			isa = PBXResourcesBuildPhase;
			buildActionMask = 2147483647;
			files = (
				79BB564B1F250E2200E29AAD /* LaunchScreen.storyboard in Resources */,
				79BB56481F250E2200E29AAD /* Assets.xcassets in Resources */,
				79BB56461F250E2200E29AAD /* Main.storyboard in Resources */,
			);
			runOnlyForDeploymentPostprocessing = 0;
		};
		79BB564F1F250E2200E29AAD /* Resources */ = {
			isa = PBXResourcesBuildPhase;
			buildActionMask = 2147483647;
			files = (
			);
			runOnlyForDeploymentPostprocessing = 0;
		};
		79BB565A1F250E2200E29AAD /* Resources */ = {
			isa = PBXResourcesBuildPhase;
			buildActionMask = 2147483647;
			files = (
			);
			runOnlyForDeploymentPostprocessing = 0;
		};
/* End PBXResourcesBuildPhase section */

/* Begin PBXSourcesBuildPhase section */
		79BB56391F250E2200E29AAD /* Sources */ = {
			isa = PBXSourcesBuildPhase;
			buildActionMask = 2147483647;
			files = (
				79BB56431F250E2200E29AAD /* ViewController.swift in Sources */,
				79BB56411F250E2200E29AAD /* AppDelegate.swift in Sources */,
			);
			runOnlyForDeploymentPostprocessing = 0;
		};
		79BB564D1F250E2200E29AAD /* Sources */ = {
			isa = PBXSourcesBuildPhase;
			buildActionMask = 2147483647;
			files = (
				79BB56561F250E2200E29AAD /* LandmarkTests.swift in Sources */,
			);
			runOnlyForDeploymentPostprocessing = 0;
		};
		79BB56581F250E2200E29AAD /* Sources */ = {
			isa = PBXSourcesBuildPhase;
			buildActionMask = 2147483647;
			files = (
				79BB56611F250E2200E29AAD /* LandmarkUITests.swift in Sources */,
			);
			runOnlyForDeploymentPostprocessing = 0;
		};
/* End PBXSourcesBuildPhase section */

/* Begin PBXTargetDependency section */
		79BB56531F250E2200E29AAD /* PBXTargetDependency */ = {
			isa = PBXTargetDependency;
			target = 79BB563C1F250E2200E29AAD /* Landmark */;
			targetProxy = 79BB56521F250E2200E29AAD /* PBXContainerItemProxy */;
		};
		79BB565E1F250E2200E29AAD /* PBXTargetDependency */ = {
			isa = PBXTargetDependency;
			target = 79BB563C1F250E2200E29AAD /* Landmark */;
			targetProxy = 79BB565D1F250E2200E29AAD /* PBXContainerItemProxy */;
		};
/* End PBXTargetDependency section */

/* Begin PBXVariantGroup section */
		79BB56441F250E2200E29AAD /* Main.storyboard */ = {
			isa = PBXVariantGroup;
			children = (
				79BB56451F250E2200E29AAD /* Base */,
			);
			name = Main.storyboard;
			sourceTree = "<group>";
		};
		79BB56491F250E2200E29AAD /* LaunchScreen.storyboard */ = {
			isa = PBXVariantGroup;
			children = (
				79BB564A1F250E2200E29AAD /* Base */,
			);
			name = LaunchScreen.storyboard;
			sourceTree = "<group>";
		};
/* End PBXVariantGroup section */

/* Begin XCBuildConfiguration section */
		79BB56631F250E2200E29AAD /* Debug */ = {
			isa = XCBuildConfiguration;
			buildSettings = {
				ALWAYS_SEARCH_USER_PATHS = NO;
				CLANG_ANALYZER_NONNULL = YES;
				CLANG_ANALYZER_NUMBER_OBJECT_CONVERSION = YES_AGGRESSIVE;
				CLANG_CXX_LANGUAGE_STANDARD = "gnu++0x";
				CLANG_CXX_LIBRARY = "libc++";
				CLANG_ENABLE_MODULES = YES;
				CLANG_ENABLE_OBJC_ARC = YES;
				CLANG_WARN_BOOL_CONVERSION = YES;
				CLANG_WARN_CONSTANT_CONVERSION = YES;
				CLANG_WARN_DIRECT_OBJC_ISA_USAGE = YES_ERROR;
				CLANG_WARN_DOCUMENTATION_COMMENTS = YES;
				CLANG_WARN_EMPTY_BODY = YES;
				CLANG_WARN_ENUM_CONVERSION = YES;
				CLANG_WARN_INFINITE_RECURSION = YES;
				CLANG_WARN_INT_CONVERSION = YES;
				CLANG_WARN_OBJC_ROOT_CLASS = YES_ERROR;
				CLANG_WARN_SUSPICIOUS_MOVE = YES;
				CLANG_WARN_UNREACHABLE_CODE = YES;
				CLANG_WARN__DUPLICATE_METHOD_MATCH = YES;
				"CODE_SIGN_IDENTITY[sdk=iphoneos*]" = "iPhone Developer";
				COPY_PHASE_STRIP = NO;
				DEBUG_INFORMATION_FORMAT = dwarf;
				ENABLE_STRICT_OBJC_MSGSEND = YES;
				ENABLE_TESTABILITY = YES;
				GCC_C_LANGUAGE_STANDARD = gnu99;
				GCC_DYNAMIC_NO_PIC = NO;
				GCC_NO_COMMON_BLOCKS = YES;
				GCC_OPTIMIZATION_LEVEL = 0;
				GCC_PREPROCESSOR_DEFINITIONS = (
					"DEBUG=1",
					"$(inherited)",
				);
				GCC_WARN_64_TO_32_BIT_CONVERSION = YES;
				GCC_WARN_ABOUT_RETURN_TYPE = YES_ERROR;
				GCC_WARN_UNDECLARED_SELECTOR = YES;
				GCC_WARN_UNINITIALIZED_AUTOS = YES_AGGRESSIVE;
				GCC_WARN_UNUSED_FUNCTION = YES;
				GCC_WARN_UNUSED_VARIABLE = YES;
				IPHONEOS_DEPLOYMENT_TARGET = 10.3;
				MTL_ENABLE_DEBUG_INFO = YES;
				ONLY_ACTIVE_ARCH = YES;
				SDKROOT = iphoneos;
				SWIFT_ACTIVE_COMPILATION_CONDITIONS = DEBUG;
				SWIFT_OPTIMIZATION_LEVEL = "-Onone";
				TARGETED_DEVICE_FAMILY = "1,2";
			};
			name = Debug;
		};
		79BB56641F250E2200E29AAD /* Release */ = {
			isa = XCBuildConfiguration;
			buildSettings = {
				ALWAYS_SEARCH_USER_PATHS = NO;
				CLANG_ANALYZER_NONNULL = YES;
				CLANG_ANALYZER_NUMBER_OBJECT_CONVERSION = YES_AGGRESSIVE;
				CLANG_CXX_LANGUAGE_STANDARD = "gnu++0x";
				CLANG_CXX_LIBRARY = "libc++";
				CLANG_ENABLE_MODULES = YES;
				CLANG_ENABLE_OBJC_ARC = YES;
				CLANG_WARN_BOOL_CONVERSION = YES;
				CLANG_WARN_CONSTANT_CONVERSION = YES;
				CLANG_WARN_DIRECT_OBJC_ISA_USAGE = YES_ERROR;
				CLANG_WARN_DOCUMENTATION_COMMENTS = YES;
				CLANG_WARN_EMPTY_BODY = YES;
				CLANG_WARN_ENUM_CONVERSION = YES;
				CLANG_WARN_INFINITE_RECURSION = YES;
				CLANG_WARN_INT_CONVERSION = YES;
				CLANG_WARN_OBJC_ROOT_CLASS = YES_ERROR;
				CLANG_WARN_SUSPICIOUS_MOVE = YES;
				CLANG_WARN_UNREACHABLE_CODE = YES;
				CLANG_WARN__DUPLICATE_METHOD_MATCH = YES;
				"CODE_SIGN_IDENTITY[sdk=iphoneos*]" = "iPhone Developer";
				COPY_PHASE_STRIP = NO;
				DEBUG_INFORMATION_FORMAT = "dwarf-with-dsym";
				ENABLE_NS_ASSERTIONS = NO;
				ENABLE_STRICT_OBJC_MSGSEND = YES;
				GCC_C_LANGUAGE_STANDARD = gnu99;
				GCC_NO_COMMON_BLOCKS = YES;
				GCC_WARN_64_TO_32_BIT_CONVERSION = YES;
				GCC_WARN_ABOUT_RETURN_TYPE = YES_ERROR;
				GCC_WARN_UNDECLARED_SELECTOR = YES;
				GCC_WARN_UNINITIALIZED_AUTOS = YES_AGGRESSIVE;
				GCC_WARN_UNUSED_FUNCTION = YES;
				GCC_WARN_UNUSED_VARIABLE = YES;
				IPHONEOS_DEPLOYMENT_TARGET = 10.3;
				MTL_ENABLE_DEBUG_INFO = NO;
				SDKROOT = iphoneos;
				SWIFT_OPTIMIZATION_LEVEL = "-Owholemodule";
				TARGETED_DEVICE_FAMILY = "1,2";
				VALIDATE_PRODUCT = YES;
			};
			name = Release;
		};
		79BB56661F250E2200E29AAD /* Debug */ = {
			isa = XCBuildConfiguration;
			buildSettings = {
				ASSETCATALOG_COMPILER_APPICON_NAME = AppIcon;
				DEVELOPMENT_TEAM = RBZ2UQ2323;
				INFOPLIST_FILE = Landmark/Info.plist;
				LD_RUNPATH_SEARCH_PATHS = "$(inherited) @executable_path/Frameworks";
				PRODUCT_BUNDLE_IDENTIFIER = com.magdy.Landmark;
				PRODUCT_NAME = "$(TARGET_NAME)";
				SWIFT_VERSION = 3.0;
			};
			name = Debug;
		};
		79BB56671F250E2200E29AAD /* Release */ = {
			isa = XCBuildConfiguration;
			buildSettings = {
				ASSETCATALOG_COMPILER_APPICON_NAME = AppIcon;
				DEVELOPMENT_TEAM = RBZ2UQ2323;
				INFOPLIST_FILE = Landmark/Info.plist;
				LD_RUNPATH_SEARCH_PATHS = "$(inherited) @executable_path/Frameworks";
				PRODUCT_BUNDLE_IDENTIFIER = com.magdy.Landmark;
				PRODUCT_NAME = "$(TARGET_NAME)";
				SWIFT_VERSION = 3.0;
			};
			name = Release;
		};
		79BB56691F250E2200E29AAD /* Debug */ = {
			isa = XCBuildConfiguration;
			buildSettings = {
				ALWAYS_EMBED_SWIFT_STANDARD_LIBRARIES = YES;
				BUNDLE_LOADER = "$(TEST_HOST)";
				DEVELOPMENT_TEAM = RBZ2UQ2323;
				INFOPLIST_FILE = LandmarkTests/Info.plist;
				LD_RUNPATH_SEARCH_PATHS = "$(inherited) @executable_path/Frameworks @loader_path/Frameworks";
				PRODUCT_BUNDLE_IDENTIFIER = com.magdy.LandmarkTests;
				PRODUCT_NAME = "$(TARGET_NAME)";
				SWIFT_VERSION = 3.0;
				TEST_HOST = "$(BUILT_PRODUCTS_DIR)/Landmark.app/Landmark";
			};
			name = Debug;
		};
		79BB566A1F250E2200E29AAD /* Release */ = {
			isa = XCBuildConfiguration;
			buildSettings = {
				ALWAYS_EMBED_SWIFT_STANDARD_LIBRARIES = YES;
				BUNDLE_LOADER = "$(TEST_HOST)";
				DEVELOPMENT_TEAM = RBZ2UQ2323;
				INFOPLIST_FILE = LandmarkTests/Info.plist;
				LD_RUNPATH_SEARCH_PATHS = "$(inherited) @executable_path/Frameworks @loader_path/Frameworks";
				PRODUCT_BUNDLE_IDENTIFIER = com.magdy.LandmarkTests;
				PRODUCT_NAME = "$(TARGET_NAME)";
				SWIFT_VERSION = 3.0;
				TEST_HOST = "$(BUILT_PRODUCTS_DIR)/Landmark.app/Landmark";
			};
			name = Release;
		};
		79BB566C1F250E2200E29AAD /* Debug */ = {
			isa = XCBuildConfiguration;
			buildSettings = {
				ALWAYS_EMBED_SWIFT_STANDARD_LIBRARIES = YES;
				DEVELOPMENT_TEAM = RBZ2UQ2323;
				INFOPLIST_FILE = LandmarkUITests/Info.plist;
				LD_RUNPATH_SEARCH_PATHS = "$(inherited) @executable_path/Frameworks @loader_path/Frameworks";
				PRODUCT_BUNDLE_IDENTIFIER = com.magdy.LandmarkUITests;
				PRODUCT_NAME = "$(TARGET_NAME)";
				SWIFT_VERSION = 3.0;
				TEST_TARGET_NAME = Landmark;
			};
			name = Debug;
		};
		79BB566D1F250E2200E29AAD /* Release */ = {
			isa = XCBuildConfiguration;
			buildSettings = {
				ALWAYS_EMBED_SWIFT_STANDARD_LIBRARIES = YES;
				DEVELOPMENT_TEAM = RBZ2UQ2323;
				INFOPLIST_FILE = LandmarkUITests/Info.plist;
				LD_RUNPATH_SEARCH_PATHS = "$(inherited) @executable_path/Frameworks @loader_path/Frameworks";
				PRODUCT_BUNDLE_IDENTIFIER = com.magdy.LandmarkUITests;
				PRODUCT_NAME = "$(TARGET_NAME)";
				SWIFT_VERSION = 3.0;
				TEST_TARGET_NAME = Landmark;
			};
			name = Release;
		};
/* End XCBuildConfiguration section */

/* Begin XCConfigurationList section */
		79BB56381F250E2200E29AAD /* Build configuration list for PBXProject "Landmark" */ = {
			isa = XCConfigurationList;
			buildConfigurations = (
				79BB56631F250E2200E29AAD /* Debug */,
				79BB56641F250E2200E29AAD /* Release */,
			);
			defaultConfigurationIsVisible = 0;
			defaultConfigurationName = Release;
		};
		79BB56651F250E2200E29AAD /* Build configuration list for PBXNativeTarget "Landmark" */ = {
			isa = XCConfigurationList;
			buildConfigurations = (
				79BB56661F250E2200E29AAD /* Debug */,
				79BB56671F250E2200E29AAD /* Release */,
			);
			defaultConfigurationIsVisible = 0;
		};
		79BB56681F250E2200E29AAD /* Build configuration list for PBXNativeTarget "LandmarkTests" */ = {
			isa = XCConfigurationList;
			buildConfigurations = (
				79BB56691F250E2200E29AAD /* Debug */,
				79BB566A1F250E2200E29AAD /* Release */,
			);
			defaultConfigurationIsVisible = 0;
		};
		79BB566B1F250E2200E29AAD /* Build configuration list for PBXNativeTarget "LandmarkUITests" */ = {
			isa = XCConfigurationList;
			buildConfigurations = (
				79BB566C1F250E2200E29AAD /* Debug */,
				79BB566D1F250E2200E29AAD /* Release */,
			);
			defaultConfigurationIsVisible = 0;
		};
/* End XCConfigurationList section */
	};
	rootObject = 79BB56351F250E2200E29AAD /* Project object */;
}
